
Microsoft Visual Studio Solution File, Format Version 12.00
# Visual Studio 15
VisualStudioVersion = 15.0.27130.2027
MinimumVisualStudioVersion = 10.0.40219.1
Project("{FAE04EC0-301F-11D3-BF4B-00C04F79EFBC}") = "FullFrameworkLoggingUsingFilter", "FullFrameworkLoggingUsingFilter\FullFrameworkLoggingUsingFilter.csproj", "{B5DF543A-5568-447D-BF97-1EF3E1D66273}"
EndProject
Project("{FAE04EC0-301F-11D3-BF4B-00C04F79EFBC}") = "FullFrameworkLoggingUsingOwin", "FullFrameworkLoggingUsingOwin\FullFrameworkLoggingUsingOwin.csproj", "{575B566C-87C1-4EE2-B0F0-C747B040C0B5}"
EndProject
Project("{9A19103F-16F7-4668-BE54-9A1E7A4F7556}") = "NetCoreLogging", "NetCoreLogging\NetCoreLogging.csproj", "{F31A8001-39E1-449D-8D7B-B3962ACC363B}"
EndProject
Global
	GlobalSection(SolutionConfigurationPlatforms) = preSolution
		Debug|Any CPU = Debug|Any CPU
		Release|Any CPU = Release|Any CPU
	EndGlobalSection
	GlobalSection(ProjectConfigurationPlatforms) = postSolution
		{B5DF543A-5568-447D-BF97-1EF3E1D66273}.Debug|Any CPU.ActiveCfg = Debug|Any CPU
		{B5DF543A-5568-447D-BF97-1EF3E1D66273}.Debug|Any CPU.Build.0 = Debug|Any CPU
		{B5DF543A-5568-447D-BF97-1EF3E1D66273}.Release|Any CPU.ActiveCfg = Release|Any CPU
		{B5DF543A-5568-447D-BF97-1EF3E1D66273}.Release|Any CPU.Build.0 = Release|Any CPU
		{575B566C-87C1-4EE2-B0F0-C747B040C0B5}.Debug|Any CPU.ActiveCfg = Debug|Any CPU
		{575B566C-87C1-4EE2-B0F0-C747B040C0B5}.Debug|Any CPU.Build.0 = Debug|Any CPU
		{575B566C-87C1-4EE2-B0F0-C747B040C0B5}.Release|Any CPU.ActiveCfg = Release|Any CPU
		{575B566C-87C1-4EE2-B0F0-C747B040C0B5}.Release|Any CPU.Build.0 = Release|Any CPU
		{F31A8001-39E1-449D-8D7B-B3962ACC363B}.Debug|Any CPU.ActiveCfg = Debug|Any CPU
		{F31A8001-39E1-449D-8D7B-B3962ACC363B}.Debug|Any CPU.Build.0 = Debug|Any CPU
		{F31A8001-39E1-449D-8D7B-B3962ACC363B}.Release|Any CPU.ActiveCfg = Release|Any CPU
		{F31A8001-39E1-449D-8D7B-B3962ACC363B}.Release|Any CPU.Build.0 = Release|Any CPU
	EndGlobalSection
	GlobalSection(SolutionProperties) = preSolution
		HideSolutionNode = FALSE
	EndGlobalSection
	GlobalSection(ExtensibilityGlobals) = postSolution
		SolutionGuid = {1406BBEB-A203-49AB-8A0B-C2C2C6DD7F1C}
	EndGlobalSection
EndGlobal
